
Microsoft Visual Studio Solution File, Format Version 12.00
# Visual Studio Version 17
VisualStudioVersion = 17.3.32929.385
MinimumVisualStudioVersion = 10.0.40219.1
Project("{FAE04EC0-301F-11D3-BF4B-00C04F79EFBC}") = "ClienteController", "ClienteController\ClienteController.csproj", "{A5D91567-D7F4-444E-9784-D8A9F31C267F}"
EndProject
Global
	GlobalSection(SolutionConfigurationPlatforms) = preSolution
		Debug|Any CPU = Debug|Any CPU
		Release|Any CPU = Release|Any CPU
	EndGlobalSection
	GlobalSection(ProjectConfigurationPlatforms) = postSolution
		{A5D91567-D7F4-444E-9784-D8A9F31C267F}.Debug|Any CPU.ActiveCfg = Debug|Any CPU
		{A5D91567-D7F4-444E-9784-D8A9F31C267F}.Debug|Any CPU.Build.0 = Debug|Any CPU
		{A5D91567-D7F4-444E-9784-D8A9F31C267F}.Release|Any CPU.ActiveCfg = Release|Any CPU
		{A5D91567-D7F4-444E-9784-D8A9F31C267F}.Release|Any CPU.Build.0 = Release|Any CPU
	EndGlobalSection
	GlobalSection(SolutionProperties) = preSolution
		HideSolutionNode = FALSE
	EndGlobalSection
	GlobalSection(ExtensibilityGlobals) = postSolution
		SolutionGuid = {465827F9-A241-495B-8CE5-96FDE8562FB5}
	EndGlobalSection
EndGlobal
